
Microsoft Visual Studio Solution File, Format Version 12.00
# Visual Studio Version 17
VisualStudioVersion = 17.13.35931.197 d17.13
MinimumVisualStudioVersion = 10.0.40219.1
Project("{FAE04EC0-301F-11D3-BF4B-00C04F79EFBC}") = "数据库导入测试", "数据库导入测试.csproj", "{01D987A9-0226-080F-DACC-AC1615E65324}"
EndProject
Global
	GlobalSection(SolutionConfigurationPlatforms) = preSolution
		Debug|Any CPU = Debug|Any CPU
		Release|Any CPU = Release|Any CPU
	EndGlobalSection
	GlobalSection(ProjectConfigurationPlatforms) = postSolution
		{01D987A9-0226-080F-DACC-AC1615E65324}.Debug|Any CPU.ActiveCfg = Debug|Any CPU
		{01D987A9-0226-080F-DACC-AC1615E65324}.Debug|Any CPU.Build.0 = Debug|Any CPU
		{01D987A9-0226-080F-DACC-AC1615E65324}.Release|Any CPU.ActiveCfg = Release|Any CPU
		{01D987A9-0226-080F-DACC-AC1615E65324}.Release|Any CPU.Build.0 = Release|Any CPU
	EndGlobalSection
	GlobalSection(SolutionProperties) = preSolution
		HideSolutionNode = FALSE
	EndGlobalSection
	GlobalSection(ExtensibilityGlobals) = postSolution
		SolutionGuid = {FA5592B3-654D-4BE6-8BA8-1D557DC42638}
	EndGlobalSection
EndGlobal
